
Microsoft Visual Studio Solution File, Format Version 12.00
# Visual Studio Version 17
VisualStudioVersion = 17.0.32014.148
MinimumVisualStudioVersion = 10.0.40219.1
Project("{FAE04EC0-301F-11D3-BF4B-00C04F79EFBC}") = "WeatherServices.API", "WeatherServices.API\WeatherServices.API.csproj", "{68A4301D-75A0-4792-A8A3-9B7E23437BE1}"
EndProject
Project("{FAE04EC0-301F-11D3-BF4B-00C04F79EFBC}") = "WeatherServices.Service", "WeatherServices.Service\WeatherServices.Service.csproj", "{C9BA1DD0-F6A7-4249-BA93-2DBC1528B9F5}"
EndProject
Project("{FAE04EC0-301F-11D3-BF4B-00C04F79EFBC}") = "WeatherServices.ApiHelper", "WeatherServices.ApiHelper\WeatherServices.ApiHelper.csproj", "{A7286156-5A50-4874-9464-79588BC5D87B}"
EndProject
Global
	GlobalSection(SolutionConfigurationPlatforms) = preSolution
		Debug|Any CPU = Debug|Any CPU
		Release|Any CPU = Release|Any CPU
	EndGlobalSection
	GlobalSection(ProjectConfigurationPlatforms) = postSolution
		{68A4301D-75A0-4792-A8A3-9B7E23437BE1}.Debug|Any CPU.ActiveCfg = Debug|Any CPU
		{68A4301D-75A0-4792-A8A3-9B7E23437BE1}.Debug|Any CPU.Build.0 = Debug|Any CPU
		{68A4301D-75A0-4792-A8A3-9B7E23437BE1}.Release|Any CPU.ActiveCfg = Release|Any CPU
		{68A4301D-75A0-4792-A8A3-9B7E23437BE1}.Release|Any CPU.Build.0 = Release|Any CPU
		{C9BA1DD0-F6A7-4249-BA93-2DBC1528B9F5}.Debug|Any CPU.ActiveCfg = Debug|Any CPU
		{C9BA1DD0-F6A7-4249-BA93-2DBC1528B9F5}.Debug|Any CPU.Build.0 = Debug|Any CPU
		{C9BA1DD0-F6A7-4249-BA93-2DBC1528B9F5}.Release|Any CPU.ActiveCfg = Release|Any CPU
		{C9BA1DD0-F6A7-4249-BA93-2DBC1528B9F5}.Release|Any CPU.Build.0 = Release|Any CPU
		{A7286156-5A50-4874-9464-79588BC5D87B}.Debug|Any CPU.ActiveCfg = Debug|Any CPU
		{A7286156-5A50-4874-9464-79588BC5D87B}.Debug|Any CPU.Build.0 = Debug|Any CPU
		{A7286156-5A50-4874-9464-79588BC5D87B}.Release|Any CPU.ActiveCfg = Release|Any CPU
		{A7286156-5A50-4874-9464-79588BC5D87B}.Release|Any CPU.Build.0 = Release|Any CPU
	EndGlobalSection
	GlobalSection(SolutionProperties) = preSolution
		HideSolutionNode = FALSE
	EndGlobalSection
	GlobalSection(ExtensibilityGlobals) = postSolution
		SolutionGuid = {DCAD0737-1476-46D7-9C55-823AC82CA870}
	EndGlobalSection
EndGlobal
